
Microsoft Visual Studio Solution File, Format Version 12.00
# Visual Studio Version 16
VisualStudioVersion = 16.0.32126.315
MinimumVisualStudioVersion = 10.0.40219.1
Project("{FAE04EC0-301F-11D3-BF4B-00C04F79EFBC}") = "SmartReplace", "SmartReplace.csproj", "{A3C30AEA-AF1C-45A5-9B32-F09825389C99}"
EndProject
Global
	GlobalSection(SolutionConfigurationPlatforms) = preSolution
		Debug|Any CPU = Debug|Any CPU
		Release|Any CPU = Release|Any CPU
	EndGlobalSection
	GlobalSection(ProjectConfigurationPlatforms) = postSolution
		{A3C30AEA-AF1C-45A5-9B32-F09825389C99}.Debug|Any CPU.ActiveCfg = Debug|Any CPU
		{A3C30AEA-AF1C-45A5-9B32-F09825389C99}.Debug|Any CPU.Build.0 = Debug|Any CPU
		{A3C30AEA-AF1C-45A5-9B32-F09825389C99}.Release|Any CPU.ActiveCfg = Release|Any CPU
		{A3C30AEA-AF1C-45A5-9B32-F09825389C99}.Release|Any CPU.Build.0 = Release|Any CPU
	EndGlobalSection
	GlobalSection(SolutionProperties) = preSolution
		HideSolutionNode = FALSE
	EndGlobalSection
	GlobalSection(ExtensibilityGlobals) = postSolution
		SolutionGuid = {40242C99-7704-4032-A8FB-B7EECB0EFE36}
	EndGlobalSection
EndGlobal
